{
  "name": "hotelmanagement",
  "lockfileVersion": 3,
  "requires": true,
  "packages": {
    "": {
      "devDependencies": {
        "@vitejs/plugin-basic-ssl": "^2.1.0"
      }
    },
    "node_modules/@vitejs/plugin-basic-ssl": {
      "version": "2.1.0",
      "resolved": "https://registry.npmjs.org/@vitejs/plugin-basic-ssl/-/plugin-basic-ssl-2.1.0.tgz",
      "integrity": "sha512-dOxxrhgyDIEUADhb/8OlV9JIqYLgos03YorAueTIeOUskLJSEsfwCByjbu98ctXitUN3znXKp0bYD/WHSudCeA==",
      "dev": true,
      "license": "MIT",
      "engines": {
        "node": "^18.0.0 || ^20.0.0 || >=22.0.0"
      },
      "peerDependencies": {
        "vite": "^6.0.0 || ^7.0.0"
      }
    }
  }
}
